
Microsoft Visual Studio Solution File, Format Version 12.00
# Visual Studio Version 16
VisualStudioVersion = 16.0.30225.117
MinimumVisualStudioVersion = 10.0.40219.1
Project("{9A19103F-16F7-4668-BE54-9A1E7A4F7556}") = "prs2server", "prs2server\prs2server.csproj", "{D35A2A8A-7140-4784-8D11-571C2F6C6323}"
EndProject
Global
	GlobalSection(SolutionConfigurationPlatforms) = preSolution
		Debug|Any CPU = Debug|Any CPU
		DebugWinhost|Any CPU = DebugWinhost|Any CPU
		Release|Any CPU = Release|Any CPU
	EndGlobalSection
	GlobalSection(ProjectConfigurationPlatforms) = postSolution
		{D35A2A8A-7140-4784-8D11-571C2F6C6323}.Debug|Any CPU.ActiveCfg = Debug|Any CPU
		{D35A2A8A-7140-4784-8D11-571C2F6C6323}.Debug|Any CPU.Build.0 = Debug|Any CPU
		{D35A2A8A-7140-4784-8D11-571C2F6C6323}.DebugWinhost|Any CPU.ActiveCfg = Release|Any CPU
		{D35A2A8A-7140-4784-8D11-571C2F6C6323}.DebugWinhost|Any CPU.Build.0 = Release|Any CPU
		{D35A2A8A-7140-4784-8D11-571C2F6C6323}.Release|Any CPU.ActiveCfg = Release|Any CPU
		{D35A2A8A-7140-4784-8D11-571C2F6C6323}.Release|Any CPU.Build.0 = Release|Any CPU
	EndGlobalSection
	GlobalSection(SolutionProperties) = preSolution
		HideSolutionNode = FALSE
	EndGlobalSection
	GlobalSection(ExtensibilityGlobals) = postSolution
		SolutionGuid = {C0101552-01C5-414C-9EDF-94890FE295E5}
	EndGlobalSection
EndGlobal
